# herdr-lazy lock — resolved plugin set at last sync.
# Each `owner/repo@commit` reproduces exactly via `plugin install --ref`.
# Commits come from herdr's own `source.resolved_commit`.

thomasschafer/herdr-kiosk@e7fd1f7500cb16d224c3c2032f415d45c3c44149
natori-hrj/herdr-lazy@af04940905852b29bc2ecbf9067eeb42cdb83ee3
salkhalil/herdr-sessionizer@461a878ca6ccd0240ec8836a338d896cab49bcc2
thanhdat77/herdr-navigator
